{
  "name": "anime-words",
  "version": "1.0.0",
  "lockfileVersion": 2,
  "requires": true,
  "packages": {
    "": {
      "version": "1.0.0",
      "license": "ISC",
      "dependencies": {
        "bangumi-data": "^0.3.55"
      }
    },
    "node_modules/bangumi-data": {
      "version": "0.3.55",
      "resolved": "https://registry.npmjs.org/bangumi-data/-/bangumi-data-0.3.55.tgz",
      "integrity": "sha512-C/7eLRAAvzMW4rvM+F48TKQXZ9WTE5Ff3hJSHxBEsDH2pqTdxMzuqrGuvY6wSBbdEbS5YM0yw0PQYHpJKkqFgw=="
    }
  },
  "dependencies": {
    "bangumi-data": {
      "version": "0.3.55",
      "resolved": "https://registry.npmjs.org/bangumi-data/-/bangumi-data-0.3.55.tgz",
      "integrity": "sha512-C/7eLRAAvzMW4rvM+F48TKQXZ9WTE5Ff3hJSHxBEsDH2pqTdxMzuqrGuvY6wSBbdEbS5YM0yw0PQYHpJKkqFgw=="
    }
  }
}
